// !$*UTF8*$!
{
	archiveVersion = 1;
	classes = {
	};
	objectVersion = 77;
	objects = {

/* Begin PBXBuildFile section */
		27FAA40E3029B604000D7CFF /* DriverStatusModel.swift in Sources */ = {isa = PBXBuildFile; fileRef = 27FAA40C3029B604000D7CFF /* DriverStatusModel.swift */; };
		27FAA40F3029B604000D7CFF /* HostStatusModel.swift in Sources */ = {isa = PBXBuildFile; fileRef = 27FAA40D3029B604000D7CFF /* HostStatusModel.swift */; };
		27FAA4103029B604000D7CFF /* DeviceRegistryStore.swift in Sources */ = {isa = PBXBuildFile; fileRef = 27FAA40B3029B604000D7CFF /* DeviceRegistryStore.swift */; };
		27FAA4113029B604000D7CFF /* DeviceConfigurationModel.swift in Sources */ = {isa = PBXBuildFile; fileRef = 27FAA40A3029B604000D7CFF /* DeviceConfigurationModel.swift */; };
		27FAA4143029B649000D7CFF /* BlockedDevicesView.swift in Sources */ = {isa = PBXBuildFile; fileRef = 27FAA4123029B649000D7CFF /* BlockedDevicesView.swift */; };
		27FAA4153029B649000D7CFF /* DeviceConfigurationView.swift in Sources */ = {isa = PBXBuildFile; fileRef = 27FAA4133029B649000D7CFF /* DeviceConfigurationView.swift */; };
		27FAA4173029B768000D7CFF /* SoundBridgeApp.swift in Sources */ = {isa = PBXBuildFile; fileRef = 27FAA4163029B768000D7CFF /* SoundBridgeApp.swift */; };
/* End PBXBuildFile section */

/* Begin PBXFileReference section */
		27B4400C3029B45F0046D44E /* SoundFridge.app */ = {isa = PBXFileReference; explicitFileType = wrapper.application; includeInIndex = 0; path = SoundFridge.app; sourceTree = BUILT_PRODUCTS_DIR; };
		27FAA40A3029B604000D7CFF /* DeviceConfigurationModel.swift */ = {isa = PBXFileReference; lastKnownFileType = sourcecode.swift; name = DeviceConfigurationModel.swift; path = apps/mac/SoundBridgeApp/Sources/Models/DeviceConfigurationModel.swift; sourceTree = "<group>"; };
		27FAA40B3029B604000D7CFF /* DeviceRegistryStore.swift */ = {isa = PBXFileReference; lastKnownFileType = sourcecode.swift; name = DeviceRegistryStore.swift; path = apps/mac/SoundBridgeApp/Sources/Models/DeviceRegistryStore.swift; sourceTree = "<group>"; };
		27FAA40C3029B604000D7CFF /* DriverStatusModel.swift */ = {isa = PBXFileReference; lastKnownFileType = sourcecode.swift; name = DriverStatusModel.swift; path = apps/mac/SoundBridgeApp/Sources/Models/DriverStatusModel.swift; sourceTree = "<group>"; };
		27FAA40D3029B604000D7CFF /* HostStatusModel.swift */ = {isa = PBXFileReference; lastKnownFileType = sourcecode.swift; name = HostStatusModel.swift; path = apps/mac/SoundBridgeApp/Sources/Models/HostStatusModel.swift; sourceTree = "<group>"; };
		27FAA4123029B649000D7CFF /* BlockedDevicesView.swift */ = {isa = PBXFileReference; lastKnownFileType = sourcecode.swift; name = BlockedDevicesView.swift; path = apps/mac/SoundBridgeApp/Sources/Views/BlockedDevicesView.swift; sourceTree = "<group>"; };
		27FAA4133029B649000D7CFF /* DeviceConfigurationView.swift */ = {isa = PBXFileReference; lastKnownFileType = sourcecode.swift; name = DeviceConfigurationView.swift; path = apps/mac/SoundBridgeApp/Sources/Views/DeviceConfigurationView.swift; sourceTree = "<group>"; };
		27FAA4163029B768000D7CFF /* SoundBridgeApp.swift */ = {isa = PBXFileReference; lastKnownFileType = sourcecode.swift; name = SoundBridgeApp.swift; path = apps/mac/SoundBridgeApp/Sources/App/SoundBridgeApp.swift; sourceTree = "<group>"; };
/* End PBXFileReference section */

/* Begin PBXFileSystemSynchronizedRootGroup section */
		27B4400E3029B45F0046D44E /* SoundFridge */ = {
			isa = PBXFileSystemSynchronizedRootGroup;
			path = SoundFridge;
			sourceTree = "<group>";
		};
/* End PBXFileSystemSynchronizedRootGroup section */

/* Begin PBXFrameworksBuildPhase section */
		27B440093029B45F0046D44E /* Frameworks */ = {
			isa = PBXFrameworksBuildPhase;
			buildActionMask = 2147483647;
			files = (
			);
			runOnlyForDeploymentPostprocessing = 0;
		};
/* End PBXFrameworksBuildPhase section */

/* Begin PBXGroup section */
		27B440033029B45F0046D44E = {
			isa = PBXGroup;
			children = (
				27FAA4163029B768000D7CFF /* SoundBridgeApp.swift */,
				27B4400E3029B45F0046D44E /* SoundFridge */,
				27B4400D3029B45F0046D44E /* Products */,
				27FAA40A3029B604000D7CFF /* DeviceConfigurationModel.swift */,
				27FAA40B3029B604000D7CFF /* DeviceRegistryStore.swift */,
				27FAA40C3029B604000D7CFF /* DriverStatusModel.swift */,
				27FAA40D3029B604000D7CFF /* HostStatusModel.swift */,
				27FAA4123029B649000D7CFF /* BlockedDevicesView.swift */,
				27FAA4133029B649000D7CFF /* DeviceConfigurationView.swift */,
			);
			sourceTree = "<group>";
		};
		27B4400D3029B45F0046D44E /* Products */ = {
			isa = PBXGroup;
			children = (
				27B4400C3029B45F0046D44E /* SoundFridge.app */,
			);
			name = Products;
			sourceTree = "<group>";
		};
/* End PBXGroup section */

/* Begin PBXNativeTarget section */
		27B4400B3029B45F0046D44E /* SoundFridge */ = {
			isa = PBXNativeTarget;
			buildConfigurationList = 27B440173029B4600046D44E /* Build configuration list for PBXNativeTarget "SoundFridge" */;
			buildPhases = (
				27B440083029B45F0046D44E /* Sources */,
				27B440093029B45F0046D44E /* Frameworks */,
				27B4400A3029B45F0046D44E /* Resources */,
				27FAA42C302A501D000D7CFF /* Copy Driver Payload */,
				27FAA42D302A68F8000D7CFF /* Copy Host Payload */,
			);
			buildRules = (
			);
			dependencies = (
			);
			fileSystemSynchronizedGroups = (
				27B4400E3029B45F0046D44E /* SoundFridge */,
			);
			name = SoundFridge;
			packageProductDependencies = (
			);
			productName = SoundFridge;
			productReference = 27B4400C3029B45F0046D44E /* SoundFridge.app */;
			productType = "com.apple.product-type.application";
		};
/* End PBXNativeTarget section */

/* Begin PBXProject section */
		27B440043029B45F0046D44E /* Project object */ = {
			isa = PBXProject;
			attributes = {
				BuildIndependentTargetsInParallel = 1;
				LastSwiftUpdateCheck = 2660;
				LastUpgradeCheck = 2660;
				TargetAttributes = {
					27B4400B3029B45F0046D44E = {
						CreatedOnToolsVersion = 26.6;
						LastSwiftMigration = 2660;
					};
				};
			};
			buildConfigurationList = 27B440073029B45F0046D44E /* Build configuration list for PBXProject "SoundFridge" */;
			developmentRegion = en;
			hasScannedForEncodings = 0;
			knownRegions = (
				en,
				Base,
			);
			mainGroup = 27B440033029B45F0046D44E;
			minimizedProjectReferenceProxies = 1;
			preferredProjectObjectVersion = 77;
			productRefGroup = 27B4400D3029B45F0046D44E /* Products */;
			projectDirPath = "";
			projectRoot = "";
			targets = (
				27B4400B3029B45F0046D44E /* SoundFridge */,
			);
		};
/* End PBXProject section */

/* Begin PBXResourcesBuildPhase section */
		27B4400A3029B45F0046D44E /* Resources */ = {
			isa = PBXResourcesBuildPhase;
			buildActionMask = 2147483647;
			files = (
			);
			runOnlyForDeploymentPostprocessing = 0;
		};
/* End PBXResourcesBuildPhase section */

/* Begin PBXShellScriptBuildPhase section */
		27FAA42C302A501D000D7CFF /* Copy Driver Payload */ = {
			isa = PBXShellScriptBuildPhase;
			buildActionMask = 2147483647;
			files = (
			);
			inputFileListPaths = (
			);
			inputPaths = (
				"$(SRCROOT)/packages/driver/build/SoundBridgeDriver.driver/Contents/Info.plist",
				"$(SRCROOT)/packages/driver/build/SoundBridgeDriver.driver/Contents/MacOS/SoundBridgeDriver",
			);
			name = "Copy Driver Payload";
			outputFileListPaths = (
			);
			outputPaths = (
				"$(TARGET_BUILD_DIR)/$(UNLOCALIZED_RESOURCES_FOLDER_PATH)/SoundBridgeDriver.driver/Contents/Info.plist",
				"$(TARGET_BUILD_DIR)/$(UNLOCALIZED_RESOURCES_FOLDER_PATH)/SoundBridgeDriver.driver/Contents/MacOS/SoundBridgeDriver",
			);
			runOnlyForDeploymentPostprocessing = 0;
			shellPath = /bin/sh;
			shellScript = "set -euo pipefail\n\nDRIVER_SOURCE=\"${SRCROOT}/packages/driver/build/SoundBridgeDriver.driver\"\nDRIVER_DEST=\"${TARGET_BUILD_DIR}/${UNLOCALIZED_RESOURCES_FOLDER_PATH}/SoundBridgeDriver.driver\"\n\nINFO_SOURCE=\"${DRIVER_SOURCE}/Contents/Info.plist\"\nBINARY_SOURCE=\"${DRIVER_SOURCE}/Contents/MacOS/SoundBridgeDriver\"\n\nINFO_DEST=\"${DRIVER_DEST}/Contents/Info.plist\"\nBINARY_DEST=\"${DRIVER_DEST}/Contents/MacOS/SoundBridgeDriver\"\n\n# Verify that the built driver payload exists.\nif [[ ! -f \"${INFO_SOURCE}\" || ! -f \"${BINARY_SOURCE}\" ]]; then\n    echo \"error: Built SoundBridgeDriver.driver is incomplete or missing.\"\n    exit 1\nfi\n\n# Re-create the driver bundle structure inside SoundFridge.app.\nmkdir -p \"${DRIVER_DEST}/Contents/MacOS\"\n\n# Preserve file permissions and timestamps while copying the payload.\ncp -p \"${INFO_SOURCE}\" \"${INFO_DEST}\"\ncp -p \"${BINARY_SOURCE}\" \"${BINARY_DEST}\"\n\necho \"Bundled SoundBridgeDriver.driver at:\"\necho \"${DRIVER_DEST}\"\n";
			showEnvVarsInLog = 0;
		};
		27FAA42D302A68F8000D7CFF /* Copy Host Payload */ = {
			isa = PBXShellScriptBuildPhase;
			buildActionMask = 2147483647;
			files = (
			);
			inputFileListPaths = (
			);
			inputPaths = (
				"$(SRCROOT)/packages/host/.build/arm64-apple-macosx/release/SoundBridgeHost",
			);
			name = "Copy Host Payload";
			outputFileListPaths = (
			);
			outputPaths = (
				"$(TARGET_BUILD_DIR)/$(UNLOCALIZED_RESOURCES_FOLDER_PATH)/SoundBridgeHost",
			);
			runOnlyForDeploymentPostprocessing = 0;
			shellPath = /bin/sh;
			shellScript = "set -eu\n\nHOST_SOURCE=\"${SRCROOT}/packages/host/.build/arm64-apple-macosx/release/SoundBridgeHost\"\nHOST_DEST=\"${TARGET_BUILD_DIR}/${UNLOCALIZED_RESOURCES_FOLDER_PATH}/SoundBridgeHost\"\n\nif [[ ! -x \"${HOST_SOURCE}\" ]]; then\n    echo \"error: SoundBridgeHost release binary was not found.\"\n    echo \"error: Expected: ${HOST_SOURCE}\"\n    echo \"error: Build it with:\"\n    echo \"error: swift build --package-path packages/host --configuration release\"\n    exit 1\nfi\n\n/bin/cp -p \"${HOST_SOURCE}\" \"${HOST_DEST}\"\n\necho \"Bundled SoundBridgeHost at:\"\necho \"${HOST_DEST}\"\n";
			showEnvVarsInLog = 0;
		};
/* End PBXShellScriptBuildPhase section */

/* Begin PBXSourcesBuildPhase section */
		27B440083029B45F0046D44E /* Sources */ = {
			isa = PBXSourcesBuildPhase;
			buildActionMask = 2147483647;
			files = (
				27FAA40E3029B604000D7CFF /* DriverStatusModel.swift in Sources */,
				27FAA40F3029B604000D7CFF /* HostStatusModel.swift in Sources */,
				27FAA4103029B604000D7CFF /* DeviceRegistryStore.swift in Sources */,
				27FAA4143029B649000D7CFF /* BlockedDevicesView.swift in Sources */,
				27FAA4153029B649000D7CFF /* DeviceConfigurationView.swift in Sources */,
				27FAA4173029B768000D7CFF /* SoundBridgeApp.swift in Sources */,
				27FAA4113029B604000D7CFF /* DeviceConfigurationModel.swift in Sources */,
			);
			runOnlyForDeploymentPostprocessing = 0;
		};
/* End PBXSourcesBuildPhase section */

/* Begin XCBuildConfiguration section */
		27B440153029B4600046D44E /* Debug */ = {
			isa = XCBuildConfiguration;
			buildSettings = {
				ALWAYS_SEARCH_USER_PATHS = NO;
				ASSETCATALOG_COMPILER_GENERATE_SWIFT_ASSET_SYMBOL_EXTENSIONS = YES;
				CLANG_ANALYZER_NONNULL = YES;
				CLANG_ANALYZER_NUMBER_OBJECT_CONVERSION = YES_AGGRESSIVE;
				CLANG_CXX_LANGUAGE_STANDARD = "gnu++20";
				CLANG_ENABLE_MODULES = YES;
				CLANG_ENABLE_OBJC_ARC = YES;
				CLANG_ENABLE_OBJC_WEAK = YES;
				CLANG_WARN_BLOCK_CAPTURE_AUTORELEASING = YES;
				CLANG_WARN_BOOL_CONVERSION = YES;
				CLANG_WARN_COMMA = YES;
				CLANG_WARN_CONSTANT_CONVERSION = YES;
				CLANG_WARN_DEPRECATED_OBJC_IMPLEMENTATIONS = YES;
				CLANG_WARN_DIRECT_OBJC_ISA_USAGE = YES_ERROR;
				CLANG_WARN_DOCUMENTATION_COMMENTS = YES;
				CLANG_WARN_EMPTY_BODY = YES;
				CLANG_WARN_ENUM_CONVERSION = YES;
				CLANG_WARN_INFINITE_RECURSION = YES;
				CLANG_WARN_INT_CONVERSION = YES;
				CLANG_WARN_NON_LITERAL_NULL_CONVERSION = YES;
				CLANG_WARN_OBJC_IMPLICIT_RETAIN_SELF = YES;
				CLANG_WARN_OBJC_LITERAL_CONVERSION = YES;
				CLANG_WARN_OBJC_ROOT_CLASS = YES_ERROR;
				CLANG_WARN_QUOTED_INCLUDE_IN_FRAMEWORK_HEADER = YES;
				CLANG_WARN_RANGE_LOOP_ANALYSIS = YES;
				CLANG_WARN_STRICT_PROTOTYPES = YES;
				CLANG_WARN_SUSPICIOUS_MOVE = YES;
				CLANG_WARN_UNGUARDED_AVAILABILITY = YES_AGGRESSIVE;
				CLANG_WARN_UNREACHABLE_CODE = YES;
				CLANG_WARN__DUPLICATE_METHOD_MATCH = YES;
				COPY_PHASE_STRIP = NO;
				DEBUG_INFORMATION_FORMAT = dwarf;
				ENABLE_STRICT_OBJC_MSGSEND = YES;
				ENABLE_TESTABILITY = YES;
				ENABLE_USER_SCRIPT_SANDBOXING = YES;
				GCC_C_LANGUAGE_STANDARD = gnu17;
				GCC_DYNAMIC_NO_PIC = NO;
				GCC_NO_COMMON_BLOCKS = YES;
				GCC_OPTIMIZATION_LEVEL = 0;
				GCC_PREPROCESSOR_DEFINITIONS = (
					"DEBUG=1",
					"$(inherited)",
				);
				GCC_WARN_64_TO_32_BIT_CONVERSION = YES;
				GCC_WARN_ABOUT_RETURN_TYPE = YES_ERROR;
				GCC_WARN_UNDECLARED_SELECTOR = YES;
				GCC_WARN_UNINITIALIZED_AUTOS = YES_AGGRESSIVE;
				GCC_WARN_UNUSED_FUNCTION = YES;
				GCC_WARN_UNUSED_VARIABLE = YES;
				LOCALIZATION_PREFERS_STRING_CATALOGS = YES;
				MACOSX_DEPLOYMENT_TARGET = 26.5;
				MTL_ENABLE_DEBUG_INFO = INCLUDE_SOURCE;
				MTL_FAST_MATH = YES;
				ONLY_ACTIVE_ARCH = YES;
				SDKROOT = macosx;
				SWIFT_ACTIVE_COMPILATION_CONDITIONS = "DEBUG $(inherited)";
				SWIFT_OPTIMIZATION_LEVEL = "-Onone";
			};
			name = Debug;
		};
		27B440163029B4600046D44E /* Release */ = {
			isa = XCBuildConfiguration;
			buildSettings = {
				ALWAYS_SEARCH_USER_PATHS = NO;
				ASSETCATALOG_COMPILER_GENERATE_SWIFT_ASSET_SYMBOL_EXTENSIONS = YES;
				CLANG_ANALYZER_NONNULL = YES;
				CLANG_ANALYZER_NUMBER_OBJECT_CONVERSION = YES_AGGRESSIVE;
				CLANG_CXX_LANGUAGE_STANDARD = "gnu++20";
				CLANG_ENABLE_MODULES = YES;
				CLANG_ENABLE_OBJC_ARC = YES;
				CLANG_ENABLE_OBJC_WEAK = YES;
				CLANG_WARN_BLOCK_CAPTURE_AUTORELEASING = YES;
				CLANG_WARN_BOOL_CONVERSION = YES;
				CLANG_WARN_COMMA = YES;
				CLANG_WARN_CONSTANT_CONVERSION = YES;
				CLANG_WARN_DEPRECATED_OBJC_IMPLEMENTATIONS = YES;
				CLANG_WARN_DIRECT_OBJC_ISA_USAGE = YES_ERROR;
				CLANG_WARN_DOCUMENTATION_COMMENTS = YES;
				CLANG_WARN_EMPTY_BODY = YES;
				CLANG_WARN_ENUM_CONVERSION = YES;
				CLANG_WARN_INFINITE_RECURSION = YES;
				CLANG_WARN_INT_CONVERSION = YES;
				CLANG_WARN_NON_LITERAL_NULL_CONVERSION = YES;
				CLANG_WARN_OBJC_IMPLICIT_RETAIN_SELF = YES;
				CLANG_WARN_OBJC_LITERAL_CONVERSION = YES;
				CLANG_WARN_OBJC_ROOT_CLASS = YES_ERROR;
				CLANG_WARN_QUOTED_INCLUDE_IN_FRAMEWORK_HEADER = YES;
				CLANG_WARN_RANGE_LOOP_ANALYSIS = YES;
				CLANG_WARN_STRICT_PROTOTYPES = YES;
				CLANG_WARN_SUSPICIOUS_MOVE = YES;
				CLANG_WARN_UNGUARDED_AVAILABILITY = YES_AGGRESSIVE;
				CLANG_WARN_UNREACHABLE_CODE = YES;
				CLANG_WARN__DUPLICATE_METHOD_MATCH = YES;
				COPY_PHASE_STRIP = NO;
				DEBUG_INFORMATION_FORMAT = "dwarf-with-dsym";
				ENABLE_NS_ASSERTIONS = NO;
				ENABLE_STRICT_OBJC_MSGSEND = YES;
				ENABLE_USER_SCRIPT_SANDBOXING = YES;
				GCC_C_LANGUAGE_STANDARD = gnu17;
				GCC_NO_COMMON_BLOCKS = YES;
				GCC_WARN_64_TO_32_BIT_CONVERSION = YES;
				GCC_WARN_ABOUT_RETURN_TYPE = YES_ERROR;
				GCC_WARN_UNDECLARED_SELECTOR = YES;
				GCC_WARN_UNINITIALIZED_AUTOS = YES_AGGRESSIVE;
				GCC_WARN_UNUSED_FUNCTION = YES;
				GCC_WARN_UNUSED_VARIABLE = YES;
				LOCALIZATION_PREFERS_STRING_CATALOGS = YES;
				MACOSX_DEPLOYMENT_TARGET = 26.5;
				MTL_ENABLE_DEBUG_INFO = NO;
				MTL_FAST_MATH = YES;
				SDKROOT = macosx;
				SWIFT_COMPILATION_MODE = wholemodule;
			};
			name = Release;
		};
		27B440183029B4600046D44E /* Debug */ = {
			isa = XCBuildConfiguration;
			buildSettings = {
				ASSETCATALOG_COMPILER_APPICON_NAME = AppIcon;
				ASSETCATALOG_COMPILER_GLOBAL_ACCENT_COLOR_NAME = AccentColor;
				CLANG_ENABLE_MODULES = YES;
				CODE_SIGN_STYLE = Automatic;
				COMBINE_HIDPI_IMAGES = YES;
				CURRENT_PROJECT_VERSION = 1;
				ENABLE_APP_SANDBOX = NO;
				ENABLE_PREVIEWS = YES;
				GENERATE_INFOPLIST_FILE = YES;
				INFOPLIST_KEY_NSHumanReadableCopyright = "";
				LD_RUNPATH_SEARCH_PATHS = (
					"$(inherited)",
					"@executable_path/../Frameworks",
				);
				MACOSX_DEPLOYMENT_TARGET = 13.5;
				MARKETING_VERSION = 1.0;
				PRODUCT_BUNDLE_IDENTIFIER = com.soundfridge.SoundFridge;
				PRODUCT_NAME = "$(TARGET_NAME)";
				REGISTER_APP_GROUPS = YES;
				STRING_CATALOG_GENERATE_SYMBOLS = YES;
				SWIFT_APPROACHABLE_CONCURRENCY = YES;
				SWIFT_DEFAULT_ACTOR_ISOLATION = MainActor;
				SWIFT_EMIT_LOC_STRINGS = YES;
				SWIFT_OPTIMIZATION_LEVEL = "-Onone";
				SWIFT_UPCOMING_FEATURE_MEMBER_IMPORT_VISIBILITY = YES;
				SWIFT_VERSION = 5.0;
			};
			name = Debug;
		};
		27B440193029B4600046D44E /* Release */ = {
			isa = XCBuildConfiguration;
			buildSettings = {
				ASSETCATALOG_COMPILER_APPICON_NAME = AppIcon;
				ASSETCATALOG_COMPILER_GLOBAL_ACCENT_COLOR_NAME = AccentColor;
				CLANG_ENABLE_MODULES = YES;
				CODE_SIGN_STYLE = Automatic;
				COMBINE_HIDPI_IMAGES = YES;
				CURRENT_PROJECT_VERSION = 1;
				ENABLE_APP_SANDBOX = NO;
				ENABLE_PREVIEWS = YES;
				GENERATE_INFOPLIST_FILE = YES;
				INFOPLIST_KEY_NSHumanReadableCopyright = "";
				LD_RUNPATH_SEARCH_PATHS = (
					"$(inherited)",
					"@executable_path/../Frameworks",
				);
				MACOSX_DEPLOYMENT_TARGET = 13.5;
				MARKETING_VERSION = 1.0;
				PRODUCT_BUNDLE_IDENTIFIER = com.soundfridge.SoundFridge;
				PRODUCT_NAME = "$(TARGET_NAME)";
				REGISTER_APP_GROUPS = YES;
				STRING_CATALOG_GENERATE_SYMBOLS = YES;
				SWIFT_APPROACHABLE_CONCURRENCY = YES;
				SWIFT_DEFAULT_ACTOR_ISOLATION = MainActor;
				SWIFT_EMIT_LOC_STRINGS = YES;
				SWIFT_UPCOMING_FEATURE_MEMBER_IMPORT_VISIBILITY = YES;
				SWIFT_VERSION = 5.0;
			};
			name = Release;
		};
/* End XCBuildConfiguration section */

/* Begin XCConfigurationList section */
		27B440073029B45F0046D44E /* Build configuration list for PBXProject "SoundFridge" */ = {
			isa = XCConfigurationList;
			buildConfigurations = (
				27B440153029B4600046D44E /* Debug */,
				27B440163029B4600046D44E /* Release */,
			);
			defaultConfigurationIsVisible = 0;
			defaultConfigurationName = Release;
		};
		27B440173029B4600046D44E /* Build configuration list for PBXNativeTarget "SoundFridge" */ = {
			isa = XCConfigurationList;
			buildConfigurations = (
				27B440183029B4600046D44E /* Debug */,
				27B440193029B4600046D44E /* Release */,
			);
			defaultConfigurationIsVisible = 0;
			defaultConfigurationName = Release;
		};
/* End XCConfigurationList section */
	};
	rootObject = 27B440043029B45F0046D44E /* Project object */;
}
